// !$*UTF8*$!
{
	archiveVersion = 1;
	classes = {
	};
	objectVersion = 46;
	objects = {

/* Begin PBXBuildFile section */
		F64632251F74693A006C2B66 /* AppDelegate.swift in Sources */ = {isa = PBXBuildFile; fileRef = F64632241F74693A006C2B66 /* AppDelegate.swift */; };
		F64632271F74693A006C2B66 /* ViewController.swift in Sources */ = {isa = PBXBuildFile; fileRef = F64632261F74693A006C2B66 /* ViewController.swift */; };
		F646322A1F74693A006C2B66 /* Main.storyboard in Resources */ = {isa = PBXBuildFile; fileRef = F64632281F74693A006C2B66 /* Main.storyboard */; };
		F646322C1F74693A006C2B66 /* Assets.xcassets in Resources */ = {isa = PBXBuildFile; fileRef = F646322B1F74693A006C2B66 /* Assets.xcassets */; };
		F646322F1F74693A006C2B66 /* LaunchScreen.storyboard in Resources */ = {isa = PBXBuildFile; fileRef = F646322D1F74693A006C2B66 /* LaunchScreen.storyboard */; };
/* End PBXBuildFile section */

/* Begin PBXFileReference section */
		F64632211F74693A006C2B66 /* autolLayot.app */ = {isa = PBXFileReference; explicitFileType = wrapper.application; includeInIndex = 0; path = autolLayot.app; sourceTree = BUILT_PRODUCTS_DIR; };
		F64632241F74693A006C2B66 /* AppDelegate.swift */ = {isa = PBXFileReference; lastKnownFileType = sourcecode.swift; path = AppDelegate.swift; sourceTree = "<group>"; };
		F64632261F74693A006C2B66 /* ViewController.swift */ = {isa = PBXFileReference; lastKnownFileType = sourcecode.swift; path = ViewController.swift; sourceTree = "<group>"; };
		F64632291F74693A006C2B66 /* Base */ = {isa = PBXFileReference; lastKnownFileType = file.storyboard; name = Base; path = Base.lproj/Main.storyboard; sourceTree = "<group>"; };
		F646322B1F74693A006C2B66 /* Assets.xcassets */ = {isa = PBXFileReference; lastKnownFileType = folder.assetcatalog; path = Assets.xcassets; sourceTree = "<group>"; };
		F646322E1F74693A006C2B66 /* Base */ = {isa = PBXFileReference; lastKnownFileType = file.storyboard; name = Base; path = Base.lproj/LaunchScreen.storyboard; sourceTree = "<group>"; };
		F64632301F74693A006C2B66 /* Info.plist */ = {isa = PBXFileReference; lastKnownFileType = text.plist.xml; path = Info.plist; sourceTree = "<group>"; };
/* End PBXFileReference section */

/* Begin PBXFrameworksBuildPhase section */
		F646321E1F746939006C2B66 /* Frameworks */ = {
			isa = PBXFrameworksBuildPhase;
			buildActionMask = 2147483647;
			files = (
			);
			runOnlyForDeploymentPostprocessing = 0;
		};
/* End PBXFrameworksBuildPhase section */

/* Begin PBXGroup section */
		F64632181F746939006C2B66 = {
			isa = PBXGroup;
			children = (
				F64632231F74693A006C2B66 /* autolLayot */,
				F64632221F74693A006C2B66 /* Products */,
			);
			sourceTree = "<group>";
		};
		F64632221F74693A006C2B66 /* Products */ = {
			isa = PBXGroup;
			children = (
				F64632211F74693A006C2B66 /* autolLayot.app */,
			);
			name = Products;
			sourceTree = "<group>";
		};
		F64632231F74693A006C2B66 /* autolLayot */ = {
			isa = PBXGroup;
			children = (
				F64632241F74693A006C2B66 /* AppDelegate.swift */,
				F64632261F74693A006C2B66 /* ViewController.swift */,
				F64632281F74693A006C2B66 /* Main.storyboard */,
				F646322B1F74693A006C2B66 /* Assets.xcassets */,
				F646322D1F74693A006C2B66 /* LaunchScreen.storyboard */,
				F64632301F74693A006C2B66 /* Info.plist */,
			);
			path = autolLayot;
			sourceTree = "<group>";
		};
/* End PBXGroup section */

/* Begin PBXNativeTarget section */
		F64632201F746939006C2B66 /* autolLayot */ = {
			isa = PBXNativeTarget;
			buildConfigurationList = F64632331F74693A006C2B66 /* Build configuration list for PBXNativeTarget "autolLayot" */;
			buildPhases = (
				F646321D1F746939006C2B66 /* Sources */,
				F646321E1F746939006C2B66 /* Frameworks */,
				F646321F1F746939006C2B66 /* Resources */,
			);
			buildRules = (
			);
			dependencies = (
			);
			name = autolLayot;
			productName = autolLayot;
			productReference = F64632211F74693A006C2B66 /* autolLayot.app */;
			productType = "com.apple.product-type.application";
		};
/* End PBXNativeTarget section */

/* Begin PBXProject section */
		F64632191F746939006C2B66 /* Project object */ = {
			isa = PBXProject;
			attributes = {
				LastSwiftUpdateCheck = 0820;
				LastUpgradeCheck = 0820;
				ORGANIZATIONNAME = "Chris Mauldin";
				TargetAttributes = {
					F64632201F746939006C2B66 = {
						CreatedOnToolsVersion = 8.2.1;
						ProvisioningStyle = Automatic;
					};
				};
			};
			buildConfigurationList = F646321C1F746939006C2B66 /* Build configuration list for PBXProject "autolLayot" */;
			compatibilityVersion = "Xcode 3.2";
			developmentRegion = English;
			hasScannedForEncodings = 0;
			knownRegions = (
				en,
				Base,
			);
			mainGroup = F64632181F746939006C2B66;
			productRefGroup = F64632221F74693A006C2B66 /* Products */;
			projectDirPath = "";
			projectRoot = "";
			targets = (
				F64632201F746939006C2B66 /* autolLayot */,
			);
		};
/* End PBXProject section */

/* Begin PBXResourcesBuildPhase section */
		F646321F1F746939006C2B66 /* Resources */ = {
			isa = PBXResourcesBuildPhase;
			buildActionMask = 2147483647;
			files = (
				F646322F1F74693A006C2B66 /* LaunchScreen.storyboard in Resources */,
				F646322C1F74693A006C2B66 /* Assets.xcassets in Resources */,
				F646322A1F74693A006C2B66 /* Main.storyboard in Resources */,
			);
			runOnlyForDeploymentPostprocessing = 0;
		};
/* End PBXResourcesBuildPhase section */

/* Begin PBXSourcesBuildPhase section */
		F646321D1F746939006C2B66 /* Sources */ = {
			isa = PBXSourcesBuildPhase;
			buildActionMask = 2147483647;
			files = (
				F64632271F74693A006C2B66 /* ViewController.swift in Sources */,
				F64632251F74693A006C2B66 /* AppDelegate.swift in Sources */,
			);
			runOnlyForDeploymentPostprocessing = 0;
		};
/* End PBXSourcesBuildPhase section */

/* Begin PBXVariantGroup section */
		F64632281F74693A006C2B66 /* Main.storyboard */ = {
			isa = PBXVariantGroup;
			children = (
				F64632291F74693A006C2B66 /* Base */,
			);
			name = Main.storyboard;
			sourceTree = "<group>";
		};
		F646322D1F74693A006C2B66 /* LaunchScreen.storyboard */ = {
			isa = PBXVariantGroup;
			children = (
				F646322E1F74693A006C2B66 /* Base */,
			);
			name = LaunchScreen.storyboard;
			sourceTree = "<group>";
		};
/* End PBXVariantGroup section */

/* Begin XCBuildConfiguration section */
		F64632311F74693A006C2B66 /* Debug */ = {
			isa = XCBuildConfiguration;
			buildSettings = {
				ALWAYS_SEARCH_USER_PATHS = NO;
				CLANG_ANALYZER_NONNULL = YES;
				CLANG_CXX_LANGUAGE_STANDARD = "gnu++0x";
				CLANG_CXX_LIBRARY = "libc++";
				CLANG_ENABLE_MODULES = YES;
				CLANG_ENABLE_OBJC_ARC = YES;
				CLANG_WARN_BOOL_CONVERSION = YES;
				CLANG_WARN_CONSTANT_CONVERSION = YES;
				CLANG_WARN_DIRECT_OBJC_ISA_USAGE = YES_ERROR;
				CLANG_WARN_DOCUMENTATION_COMMENTS = YES;
				CLANG_WARN_EMPTY_BODY = YES;
				CLANG_WARN_ENUM_CONVERSION = YES;
				CLANG_WARN_INFINITE_RECURSION = YES;
				CLANG_WARN_INT_CONVERSION = YES;
				CLANG_WARN_OBJC_ROOT_CLASS = YES_ERROR;
				CLANG_WARN_SUSPICIOUS_MOVE = YES;
				CLANG_WARN_UNREACHABLE_CODE = YES;
				CLANG_WARN__DUPLICATE_METHOD_MATCH = YES;
				"CODE_SIGN_IDENTITY[sdk=iphoneos*]" = "iPhone Developer";
				COPY_PHASE_STRIP = NO;
				DEBUG_INFORMATION_FORMAT = dwarf;
				ENABLE_STRICT_OBJC_MSGSEND = YES;
				ENABLE_TESTABILITY = YES;
				GCC_C_LANGUAGE_STANDARD = gnu99;
				GCC_DYNAMIC_NO_PIC = NO;
				GCC_NO_COMMON_BLOCKS = YES;
				GCC_OPTIMIZATION_LEVEL = 0;
				GCC_PREPROCESSOR_DEFINITIONS = (
					"DEBUG=1",
					"$(inherited)",
				);
				GCC_WARN_64_TO_32_BIT_CONVERSION = YES;
				GCC_WARN_ABOUT_RETURN_TYPE = YES_ERROR;
				GCC_WARN_UNDECLARED_SELECTOR = YES;
				GCC_WARN_UNINITIALIZED_AUTOS = YES_AGGRESSIVE;
				GCC_WARN_UNUSED_FUNCTION = YES;
				GCC_WARN_UNUSED_VARIABLE = YES;
				IPHONEOS_DEPLOYMENT_TARGET = 10.2;
				MTL_ENABLE_DEBUG_INFO = YES;
				ONLY_ACTIVE_ARCH = YES;
				SDKROOT = iphoneos;
				SWIFT_ACTIVE_COMPILATION_CONDITIONS = DEBUG;
				SWIFT_OPTIMIZATION_LEVEL = "-Onone";
				TARGETED_DEVICE_FAMILY = "1,2";
			};
			name = Debug;
		};
		F64632321F74693A006C2B66 /* Release */ = {
			isa = XCBuildConfiguration;
			buildSettings = {
				ALWAYS_SEARCH_USER_PATHS = NO;
				CLANG_ANALYZER_NONNULL = YES;
				CLANG_CXX_LANGUAGE_STANDARD = "gnu++0x";
				CLANG_CXX_LIBRARY = "libc++";
				CLANG_ENABLE_MODULES = YES;
				CLANG_ENABLE_OBJC_ARC = YES;
				CLANG_WARN_BOOL_CONVERSION = YES;
				CLANG_WARN_CONSTANT_CONVERSION = YES;
				CLANG_WARN_DIRECT_OBJC_ISA_USAGE = YES_ERROR;
				CLANG_WARN_DOCUMENTATION_COMMENTS = YES;
				CLANG_WARN_EMPTY_BODY = YES;
				CLANG_WARN_ENUM_CONVERSION = YES;
				CLANG_WARN_INFINITE_RECURSION = YES;
				CLANG_WARN_INT_CONVERSION = YES;
				CLANG_WARN_OBJC_ROOT_CLASS = YES_ERROR;
				CLANG_WARN_SUSPICIOUS_MOVE = YES;
				CLANG_WARN_UNREACHABLE_CODE = YES;
				CLANG_WARN__DUPLICATE_METHOD_MATCH = YES;
				"CODE_SIGN_IDENTITY[sdk=iphoneos*]" = "iPhone Developer";
				COPY_PHASE_STRIP = NO;
				DEBUG_INFORMATION_FORMAT = "dwarf-with-dsym";
				ENABLE_NS_ASSERTIONS = NO;
				ENABLE_STRICT_OBJC_MSGSEND = YES;
				GCC_C_LANGUAGE_STANDARD = gnu99;
				GCC_NO_COMMON_BLOCKS = YES;
				GCC_WARN_64_TO_32_BIT_CONVERSION = YES;
				GCC_WARN_ABOUT_RETURN_TYPE = YES_ERROR;
				GCC_WARN_UNDECLARED_SELECTOR = YES;
				GCC_WARN_UNINITIALIZED_AUTOS = YES_AGGRESSIVE;
				GCC_WARN_UNUSED_FUNCTION = YES;
				GCC_WARN_UNUSED_VARIABLE = YES;
				IPHONEOS_DEPLOYMENT_TARGET = 10.2;
				MTL_ENABLE_DEBUG_INFO = NO;
				SDKROOT = iphoneos;
				SWIFT_OPTIMIZATION_LEVEL = "-Owholemodule";
				TARGETED_DEVICE_FAMILY = "1,2";
				VALIDATE_PRODUCT = YES;
			};
			name = Release;
		};
		F64632341F74693A006C2B66 /* Debug */ = {
			isa = XCBuildConfiguration;
			buildSettings = {
				ASSETCATALOG_COMPILER_APPICON_NAME = AppIcon;
				INFOPLIST_FILE = autolLayot/Info.plist;
				LD_RUNPATH_SEARCH_PATHS = "$(inherited) @executable_path/Frameworks";
				PRODUCT_BUNDLE_IDENTIFIER = "e-bushi.autolLayot";
				PRODUCT_NAME = "$(TARGET_NAME)";
				SWIFT_VERSION = 3.0;
			};
			name = Debug;
		};
		F64632351F74693A006C2B66 /* Release */ = {
			isa = XCBuildConfiguration;
			buildSettings = {
				ASSETCATALOG_COMPILER_APPICON_NAME = AppIcon;
				INFOPLIST_FILE = autolLayot/Info.plist;
				LD_RUNPATH_SEARCH_PATHS = "$(inherited) @executable_path/Frameworks";
				PRODUCT_BUNDLE_IDENTIFIER = "e-bushi.autolLayot";
				PRODUCT_NAME = "$(TARGET_NAME)";
				SWIFT_VERSION = 3.0;
			};
			name = Release;
		};
/* End XCBuildConfiguration section */

/* Begin XCConfigurationList section */
		F646321C1F746939006C2B66 /* Build configuration list for PBXProject "autolLayot" */ = {
			isa = XCConfigurationList;
			buildConfigurations = (
				F64632311F74693A006C2B66 /* Debug */,
				F64632321F74693A006C2B66 /* Release */,
			);
			defaultConfigurationIsVisible = 0;
			defaultConfigurationName = Release;
		};
		F64632331F74693A006C2B66 /* Build configuration list for PBXNativeTarget "autolLayot" */ = {
			isa = XCConfigurationList;
			buildConfigurations = (
				F64632341F74693A006C2B66 /* Debug */,
				F64632351F74693A006C2B66 /* Release */,
			);
			defaultConfigurationIsVisible = 0;
		};
/* End XCConfigurationList section */
	};
	rootObject = F64632191F746939006C2B66 /* Project object */;
}
